// !$*UTF8*$!
{
	archiveVersion = 1;
	classes = {
	};
	objectVersion = 50;
	objects = {

/* Begin PBXBuildFile section */
		89DA6553259D1A2A00BA7717 /* AppDelegate.swift in Sources */ = {isa = PBXBuildFile; fileRef = 89DA6552259D1A2A00BA7717 /* AppDelegate.swift */; };
		89DA6555259D1A2A00BA7717 /* SceneDelegate.swift in Sources */ = {isa = PBXBuildFile; fileRef = 89DA6554259D1A2A00BA7717 /* SceneDelegate.swift */; };
		89DA6557259D1A2A00BA7717 /* ViewController.swift in Sources */ = {isa = PBXBuildFile; fileRef = 89DA6556259D1A2A00BA7717 /* ViewController.swift */; };
		89DA655A259D1A2A00BA7717 /* Main.storyboard in Resources */ = {isa = PBXBuildFile; fileRef = 89DA6558259D1A2A00BA7717 /* Main.storyboard */; };
		89DA655C259D1A2A00BA7717 /* Assets.xcassets in Resources */ = {isa = PBXBuildFile; fileRef = 89DA655B259D1A2A00BA7717 /* Assets.xcassets */; };
		89DA655F259D1A2A00BA7717 /* LaunchScreen.storyboard in Resources */ = {isa = PBXBuildFile; fileRef = 89DA655D259D1A2A00BA7717 /* LaunchScreen.storyboard */; };
		89DA6567259D25EB00BA7717 /* Animal.swift in Sources */ = {isa = PBXBuildFile; fileRef = 89DA6566259D25EB00BA7717 /* Animal.swift */; };
		89DA6569259D295C00BA7717 /* Cat.swift in Sources */ = {isa = PBXBuildFile; fileRef = 89DA6568259D295C00BA7717 /* Cat.swift */; };
		89DA656B259D29BE00BA7717 /* Snake.swift in Sources */ = {isa = PBXBuildFile; fileRef = 89DA656A259D29BE00BA7717 /* Snake.swift */; };
		89DA656D259D2A0600BA7717 /* Monkey.swift in Sources */ = {isa = PBXBuildFile; fileRef = 89DA656C259D2A0600BA7717 /* Monkey.swift */; };
		89DA656F259D2A1E00BA7717 /* Dog.swift in Sources */ = {isa = PBXBuildFile; fileRef = 89DA656E259D2A1E00BA7717 /* Dog.swift */; };
		89DA6571259D2A3600BA7717 /* Bear.swift in Sources */ = {isa = PBXBuildFile; fileRef = 89DA6570259D2A3600BA7717 /* Bear.swift */; };
		89DA6573259D2A9000BA7717 /* Lion.swift in Sources */ = {isa = PBXBuildFile; fileRef = 89DA6572259D2A9000BA7717 /* Lion.swift */; };
/* End PBXBuildFile section */

/* Begin PBXFileReference section */
		89DA654F259D1A2A00BA7717 /* autolayout2.app */ = {isa = PBXFileReference; explicitFileType = wrapper.application; includeInIndex = 0; path = autolayout2.app; sourceTree = BUILT_PRODUCTS_DIR; };
		89DA6552259D1A2A00BA7717 /* AppDelegate.swift */ = {isa = PBXFileReference; lastKnownFileType = sourcecode.swift; path = AppDelegate.swift; sourceTree = "<group>"; };
		89DA6554259D1A2A00BA7717 /* SceneDelegate.swift */ = {isa = PBXFileReference; lastKnownFileType = sourcecode.swift; path = SceneDelegate.swift; sourceTree = "<group>"; };
		89DA6556259D1A2A00BA7717 /* ViewController.swift */ = {isa = PBXFileReference; lastKnownFileType = sourcecode.swift; path = ViewController.swift; sourceTree = "<group>"; };
		89DA6559259D1A2A00BA7717 /* Base */ = {isa = PBXFileReference; lastKnownFileType = file.storyboard; name = Base; path = Base.lproj/Main.storyboard; sourceTree = "<group>"; };
		89DA655B259D1A2A00BA7717 /* Assets.xcassets */ = {isa = PBXFileReference; lastKnownFileType = folder.assetcatalog; path = Assets.xcassets; sourceTree = "<group>"; };
		89DA655E259D1A2A00BA7717 /* Base */ = {isa = PBXFileReference; lastKnownFileType = file.storyboard; name = Base; path = Base.lproj/LaunchScreen.storyboard; sourceTree = "<group>"; };
		89DA6560259D1A2A00BA7717 /* Info.plist */ = {isa = PBXFileReference; lastKnownFileType = text.plist.xml; path = Info.plist; sourceTree = "<group>"; };
		89DA6566259D25EB00BA7717 /* Animal.swift */ = {isa = PBXFileReference; lastKnownFileType = sourcecode.swift; path = Animal.swift; sourceTree = "<group>"; };
		89DA6568259D295C00BA7717 /* Cat.swift */ = {isa = PBXFileReference; lastKnownFileType = sourcecode.swift; path = Cat.swift; sourceTree = "<group>"; };
		89DA656A259D29BE00BA7717 /* Snake.swift */ = {isa = PBXFileReference; lastKnownFileType = sourcecode.swift; path = Snake.swift; sourceTree = "<group>"; };
		89DA656C259D2A0600BA7717 /* Monkey.swift */ = {isa = PBXFileReference; lastKnownFileType = sourcecode.swift; path = Monkey.swift; sourceTree = "<group>"; };
		89DA656E259D2A1E00BA7717 /* Dog.swift */ = {isa = PBXFileReference; lastKnownFileType = sourcecode.swift; path = Dog.swift; sourceTree = "<group>"; };
		89DA6570259D2A3600BA7717 /* Bear.swift */ = {isa = PBXFileReference; lastKnownFileType = sourcecode.swift; path = Bear.swift; sourceTree = "<group>"; };
		89DA6572259D2A9000BA7717 /* Lion.swift */ = {isa = PBXFileReference; lastKnownFileType = sourcecode.swift; path = Lion.swift; sourceTree = "<group>"; };
/* End PBXFileReference section */

/* Begin PBXFrameworksBuildPhase section */
		89DA654C259D1A2A00BA7717 /* Frameworks */ = {
			isa = PBXFrameworksBuildPhase;
			buildActionMask = 2147483647;
			files = (
			);
			runOnlyForDeploymentPostprocessing = 0;
		};
/* End PBXFrameworksBuildPhase section */

/* Begin PBXGroup section */
		89DA6546259D1A2A00BA7717 = {
			isa = PBXGroup;
			children = (
				89DA6572259D2A9000BA7717 /* Lion.swift */,
				89DA6570259D2A3600BA7717 /* Bear.swift */,
				89DA656E259D2A1E00BA7717 /* Dog.swift */,
				89DA656C259D2A0600BA7717 /* Monkey.swift */,
				89DA6568259D295C00BA7717 /* Cat.swift */,
				89DA656A259D29BE00BA7717 /* Snake.swift */,
				89DA6566259D25EB00BA7717 /* Animal.swift */,
				89DA6551259D1A2A00BA7717 /* autolayout2 */,
				89DA6550259D1A2A00BA7717 /* Products */,
			);
			sourceTree = "<group>";
		};
		89DA6550259D1A2A00BA7717 /* Products */ = {
			isa = PBXGroup;
			children = (
				89DA654F259D1A2A00BA7717 /* autolayout2.app */,
			);
			name = Products;
			sourceTree = "<group>";
		};
		89DA6551259D1A2A00BA7717 /* autolayout2 */ = {
			isa = PBXGroup;
			children = (
				89DA6552259D1A2A00BA7717 /* AppDelegate.swift */,
				89DA6554259D1A2A00BA7717 /* SceneDelegate.swift */,
				89DA6556259D1A2A00BA7717 /* ViewController.swift */,
				89DA6558259D1A2A00BA7717 /* Main.storyboard */,
				89DA655B259D1A2A00BA7717 /* Assets.xcassets */,
				89DA655D259D1A2A00BA7717 /* LaunchScreen.storyboard */,
				89DA6560259D1A2A00BA7717 /* Info.plist */,
			);
			path = autolayout2;
			sourceTree = "<group>";
		};
/* End PBXGroup section */

/* Begin PBXNativeTarget section */
		89DA654E259D1A2A00BA7717 /* autolayout2 */ = {
			isa = PBXNativeTarget;
			buildConfigurationList = 89DA6563259D1A2A00BA7717 /* Build configuration list for PBXNativeTarget "autolayout2" */;
			buildPhases = (
				89DA654B259D1A2A00BA7717 /* Sources */,
				89DA654C259D1A2A00BA7717 /* Frameworks */,
				89DA654D259D1A2A00BA7717 /* Resources */,
			);
			buildRules = (
			);
			dependencies = (
			);
			name = autolayout2;
			productName = autolayout2;
			productReference = 89DA654F259D1A2A00BA7717 /* autolayout2.app */;
			productType = "com.apple.product-type.application";
		};
/* End PBXNativeTarget section */

/* Begin PBXProject section */
		89DA6547259D1A2A00BA7717 /* Project object */ = {
			isa = PBXProject;
			attributes = {
				LastSwiftUpdateCheck = 1170;
				LastUpgradeCheck = 1170;
				ORGANIZATIONNAME = "Carolina Barros";
				TargetAttributes = {
					89DA654E259D1A2A00BA7717 = {
						CreatedOnToolsVersion = 11.7;
					};
				};
			};
			buildConfigurationList = 89DA654A259D1A2A00BA7717 /* Build configuration list for PBXProject "autolayout2" */;
			compatibilityVersion = "Xcode 9.3";
			developmentRegion = en;
			hasScannedForEncodings = 0;
			knownRegions = (
				en,
				Base,
			);
			mainGroup = 89DA6546259D1A2A00BA7717;
			productRefGroup = 89DA6550259D1A2A00BA7717 /* Products */;
			projectDirPath = "";
			projectRoot = "";
			targets = (
				89DA654E259D1A2A00BA7717 /* autolayout2 */,
			);
		};
/* End PBXProject section */

/* Begin PBXResourcesBuildPhase section */
		89DA654D259D1A2A00BA7717 /* Resources */ = {
			isa = PBXResourcesBuildPhase;
			buildActionMask = 2147483647;
			files = (
				89DA655F259D1A2A00BA7717 /* LaunchScreen.storyboard in Resources */,
				89DA655C259D1A2A00BA7717 /* Assets.xcassets in Resources */,
				89DA655A259D1A2A00BA7717 /* Main.storyboard in Resources */,
			);
			runOnlyForDeploymentPostprocessing = 0;
		};
/* End PBXResourcesBuildPhase section */

/* Begin PBXSourcesBuildPhase section */
		89DA654B259D1A2A00BA7717 /* Sources */ = {
			isa = PBXSourcesBuildPhase;
			buildActionMask = 2147483647;
			files = (
				89DA6573259D2A9000BA7717 /* Lion.swift in Sources */,
				89DA6557259D1A2A00BA7717 /* ViewController.swift in Sources */,
				89DA656D259D2A0600BA7717 /* Monkey.swift in Sources */,
				89DA6569259D295C00BA7717 /* Cat.swift in Sources */,
				89DA6567259D25EB00BA7717 /* Animal.swift in Sources */,
				89DA656B259D29BE00BA7717 /* Snake.swift in Sources */,
				89DA6571259D2A3600BA7717 /* Bear.swift in Sources */,
				89DA6553259D1A2A00BA7717 /* AppDelegate.swift in Sources */,
				89DA6555259D1A2A00BA7717 /* SceneDelegate.swift in Sources */,
				89DA656F259D2A1E00BA7717 /* Dog.swift in Sources */,
			);
			runOnlyForDeploymentPostprocessing = 0;
		};
/* End PBXSourcesBuildPhase section */

/* Begin PBXVariantGroup section */
		89DA6558259D1A2A00BA7717 /* Main.storyboard */ = {
			isa = PBXVariantGroup;
			children = (
				89DA6559259D1A2A00BA7717 /* Base */,
			);
			name = Main.storyboard;
			sourceTree = "<group>";
		};
		89DA655D259D1A2A00BA7717 /* LaunchScreen.storyboard */ = {
			isa = PBXVariantGroup;
			children = (
				89DA655E259D1A2A00BA7717 /* Base */,
			);
			name = LaunchScreen.storyboard;
			sourceTree = "<group>";
		};
/* End PBXVariantGroup section */

/* Begin XCBuildConfiguration section */
		89DA6561259D1A2A00BA7717 /* Debug */ = {
			isa = XCBuildConfiguration;
			buildSettings = {
				ALWAYS_SEARCH_USER_PATHS = NO;
				CLANG_ANALYZER_NONNULL = YES;
				CLANG_ANALYZER_NUMBER_OBJECT_CONVERSION = YES_AGGRESSIVE;
				CLANG_CXX_LANGUAGE_STANDARD = "gnu++14";
				CLANG_CXX_LIBRARY = "libc++";
				CLANG_ENABLE_MODULES = YES;
				CLANG_ENABLE_OBJC_ARC = YES;
				CLANG_ENABLE_OBJC_WEAK = YES;
				CLANG_WARN_BLOCK_CAPTURE_AUTORELEASING = YES;
				CLANG_WARN_BOOL_CONVERSION = YES;
				CLANG_WARN_COMMA = YES;
				CLANG_WARN_CONSTANT_CONVERSION = YES;
				CLANG_WARN_DEPRECATED_OBJC_IMPLEMENTATIONS = YES;
				CLANG_WARN_DIRECT_OBJC_ISA_USAGE = YES_ERROR;
				CLANG_WARN_DOCUMENTATION_COMMENTS = YES;
				CLANG_WARN_EMPTY_BODY = YES;
				CLANG_WARN_ENUM_CONVERSION = YES;
				CLANG_WARN_INFINITE_RECURSION = YES;
				CLANG_WARN_INT_CONVERSION = YES;
				CLANG_WARN_NON_LITERAL_NULL_CONVERSION = YES;
				CLANG_WARN_OBJC_IMPLICIT_RETAIN_SELF = YES;
				CLANG_WARN_OBJC_LITERAL_CONVERSION = YES;
				CLANG_WARN_OBJC_ROOT_CLASS = YES_ERROR;
				CLANG_WARN_RANGE_LOOP_ANALYSIS = YES;
				CLANG_WARN_STRICT_PROTOTYPES = YES;
				CLANG_WARN_SUSPICIOUS_MOVE = YES;
				CLANG_WARN_UNGUARDED_AVAILABILITY = YES_AGGRESSIVE;
				CLANG_WARN_UNREACHABLE_CODE = YES;
				CLANG_WARN__DUPLICATE_METHOD_MATCH = YES;
				COPY_PHASE_STRIP = NO;
				DEBUG_INFORMATION_FORMAT = dwarf;
				ENABLE_STRICT_OBJC_MSGSEND = YES;
				ENABLE_TESTABILITY = YES;
				GCC_C_LANGUAGE_STANDARD = gnu11;
				GCC_DYNAMIC_NO_PIC = NO;
				GCC_NO_COMMON_BLOCKS = YES;
				GCC_OPTIMIZATION_LEVEL = 0;
				GCC_PREPROCESSOR_DEFINITIONS = (
					"DEBUG=1",
					"$(inherited)",
				);
				GCC_WARN_64_TO_32_BIT_CONVERSION = YES;
				GCC_WARN_ABOUT_RETURN_TYPE = YES_ERROR;
				GCC_WARN_UNDECLARED_SELECTOR = YES;
				GCC_WARN_UNINITIALIZED_AUTOS = YES_AGGRESSIVE;
				GCC_WARN_UNUSED_FUNCTION = YES;
				GCC_WARN_UNUSED_VARIABLE = YES;
				IPHONEOS_DEPLOYMENT_TARGET = 13.7;
				MTL_ENABLE_DEBUG_INFO = INCLUDE_SOURCE;
				MTL_FAST_MATH = YES;
				ONLY_ACTIVE_ARCH = YES;
				SDKROOT = iphoneos;
				SWIFT_ACTIVE_COMPILATION_CONDITIONS = DEBUG;
				SWIFT_OPTIMIZATION_LEVEL = "-Onone";
			};
			name = Debug;
		};
		89DA6562259D1A2A00BA7717 /* Release */ = {
			isa = XCBuildConfiguration;
			buildSettings = {
				ALWAYS_SEARCH_USER_PATHS = NO;
				CLANG_ANALYZER_NONNULL = YES;
				CLANG_ANALYZER_NUMBER_OBJECT_CONVERSION = YES_AGGRESSIVE;
				CLANG_CXX_LANGUAGE_STANDARD = "gnu++14";
				CLANG_CXX_LIBRARY = "libc++";
				CLANG_ENABLE_MODULES = YES;
				CLANG_ENABLE_OBJC_ARC = YES;
				CLANG_ENABLE_OBJC_WEAK = YES;
				CLANG_WARN_BLOCK_CAPTURE_AUTORELEASING = YES;
				CLANG_WARN_BOOL_CONVERSION = YES;
				CLANG_WARN_COMMA = YES;
				CLANG_WARN_CONSTANT_CONVERSION = YES;
				CLANG_WARN_DEPRECATED_OBJC_IMPLEMENTATIONS = YES;
				CLANG_WARN_DIRECT_OBJC_ISA_USAGE = YES_ERROR;
				CLANG_WARN_DOCUMENTATION_COMMENTS = YES;
				CLANG_WARN_EMPTY_BODY = YES;
				CLANG_WARN_ENUM_CONVERSION = YES;
				CLANG_WARN_INFINITE_RECURSION = YES;
				CLANG_WARN_INT_CONVERSION = YES;
				CLANG_WARN_NON_LITERAL_NULL_CONVERSION = YES;
				CLANG_WARN_OBJC_IMPLICIT_RETAIN_SELF = YES;
				CLANG_WARN_OBJC_LITERAL_CONVERSION = YES;
				CLANG_WARN_OBJC_ROOT_CLASS = YES_ERROR;
				CLANG_WARN_RANGE_LOOP_ANALYSIS = YES;
				CLANG_WARN_STRICT_PROTOTYPES = YES;
				CLANG_WARN_SUSPICIOUS_MOVE = YES;
				CLANG_WARN_UNGUARDED_AVAILABILITY = YES_AGGRESSIVE;
				CLANG_WARN_UNREACHABLE_CODE = YES;
				CLANG_WARN__DUPLICATE_METHOD_MATCH = YES;
				COPY_PHASE_STRIP = NO;
				DEBUG_INFORMATION_FORMAT = "dwarf-with-dsym";
				ENABLE_NS_ASSERTIONS = NO;
				ENABLE_STRICT_OBJC_MSGSEND = YES;
				GCC_C_LANGUAGE_STANDARD = gnu11;
				GCC_NO_COMMON_BLOCKS = YES;
				GCC_WARN_64_TO_32_BIT_CONVERSION = YES;
				GCC_WARN_ABOUT_RETURN_TYPE = YES_ERROR;
				GCC_WARN_UNDECLARED_SELECTOR = YES;
				GCC_WARN_UNINITIALIZED_AUTOS = YES_AGGRESSIVE;
				GCC_WARN_UNUSED_FUNCTION = YES;
				GCC_WARN_UNUSED_VARIABLE = YES;
				IPHONEOS_DEPLOYMENT_TARGET = 13.7;
				MTL_ENABLE_DEBUG_INFO = NO;
				MTL_FAST_MATH = YES;
				SDKROOT = iphoneos;
				SWIFT_COMPILATION_MODE = wholemodule;
				SWIFT_OPTIMIZATION_LEVEL = "-O";
				VALIDATE_PRODUCT = YES;
			};
			name = Release;
		};
		89DA6564259D1A2A00BA7717 /* Debug */ = {
			isa = XCBuildConfiguration;
			buildSettings = {
				ASSETCATALOG_COMPILER_APPICON_NAME = AppIcon;
				CODE_SIGN_STYLE = Automatic;
				INFOPLIST_FILE = autolayout2/Info.plist;
				LD_RUNPATH_SEARCH_PATHS = (
					"$(inherited)",
					"@executable_path/Frameworks",
				);
				PRODUCT_BUNDLE_IDENTIFIER = carolina.autolayout2;
				PRODUCT_NAME = autolayout2;
				SWIFT_VERSION = 5.0;
				TARGETED_DEVICE_FAMILY = "1,2";
			};
			name = Debug;
		};
		89DA6565259D1A2A00BA7717 /* Release */ = {
			isa = XCBuildConfiguration;
			buildSettings = {
				ASSETCATALOG_COMPILER_APPICON_NAME = AppIcon;
				CODE_SIGN_STYLE = Automatic;
				INFOPLIST_FILE = autolayout2/Info.plist;
				LD_RUNPATH_SEARCH_PATHS = (
					"$(inherited)",
					"@executable_path/Frameworks",
				);
				PRODUCT_BUNDLE_IDENTIFIER = carolina.autolayout2;
				PRODUCT_NAME = autolayout2;
				SWIFT_VERSION = 5.0;
				TARGETED_DEVICE_FAMILY = "1,2";
			};
			name = Release;
		};
/* End XCBuildConfiguration section */

/* Begin XCConfigurationList section */
		89DA654A259D1A2A00BA7717 /* Build configuration list for PBXProject "autolayout2" */ = {
			isa = XCConfigurationList;
			buildConfigurations = (
				89DA6561259D1A2A00BA7717 /* Debug */,
				89DA6562259D1A2A00BA7717 /* Release */,
			);
			defaultConfigurationIsVisible = 0;
			defaultConfigurationName = Release;
		};
		89DA6563259D1A2A00BA7717 /* Build configuration list for PBXNativeTarget "autolayout2" */ = {
			isa = XCConfigurationList;
			buildConfigurations = (
				89DA6564259D1A2A00BA7717 /* Debug */,
				89DA6565259D1A2A00BA7717 /* Release */,
			);
			defaultConfigurationIsVisible = 0;
			defaultConfigurationName = Release;
		};
/* End XCConfigurationList section */
	};
	rootObject = 89DA6547259D1A2A00BA7717 /* Project object */;
}
